
Microsoft Visual Studio Solution File, Format Version 12.00
# Visual Studio Version 16
VisualStudioVersion = 16.0.29911.84
MinimumVisualStudioVersion = 10.0.40219.1
Project("{FAE04EC0-301F-11D3-BF4B-00C04F79EFBC}") = "Teste", "Teste\Teste.csproj", "{D9E4FD59-D731-4ACF-A0B3-17EA17021BD6}"
EndProject
Global
	GlobalSection(SolutionConfigurationPlatforms) = preSolution
		Debug|Any CPU = Debug|Any CPU
		Release|Any CPU = Release|Any CPU
	EndGlobalSection
	GlobalSection(ProjectConfigurationPlatforms) = postSolution
		{D9E4FD59-D731-4ACF-A0B3-17EA17021BD6}.Debug|Any CPU.ActiveCfg = Debug|Any CPU
		{D9E4FD59-D731-4ACF-A0B3-17EA17021BD6}.Debug|Any CPU.Build.0 = Debug|Any CPU
		{D9E4FD59-D731-4ACF-A0B3-17EA17021BD6}.Release|Any CPU.ActiveCfg = Release|Any CPU
		{D9E4FD59-D731-4ACF-A0B3-17EA17021BD6}.Release|Any CPU.Build.0 = Release|Any CPU
	EndGlobalSection
	GlobalSection(SolutionProperties) = preSolution
		HideSolutionNode = FALSE
	EndGlobalSection
	GlobalSection(ExtensibilityGlobals) = postSolution
		SolutionGuid = {67C057A4-5A99-4018-AA4E-BEA1DB2F85B6}
	EndGlobalSection
EndGlobal
